// !$*UTF8*$!
{
	archiveVersion = 1;
	classes = {
	};
	objectVersion = 50;
	objects = {

/* Begin PBXBuildFile section */
		6C27F46D21CD66FE0082F43C /* AppDelegate.swift in Sources */ = {isa = PBXBuildFile; fileRef = 6C27F46C21CD66FE0082F43C /* AppDelegate.swift */; };
		6C27F46F21CD66FE0082F43C /* ViewController.swift in Sources */ = {isa = PBXBuildFile; fileRef = 6C27F46E21CD66FE0082F43C /* ViewController.swift */; };
		6C27F47221CD66FE0082F43C /* Main.storyboard in Resources */ = {isa = PBXBuildFile; fileRef = 6C27F47021CD66FE0082F43C /* Main.storyboard */; };
		6C27F47421CD67000082F43C /* Assets.xcassets in Resources */ = {isa = PBXBuildFile; fileRef = 6C27F47321CD67000082F43C /* Assets.xcassets */; };
		6C27F47721CD67000082F43C /* LaunchScreen.storyboard in Resources */ = {isa = PBXBuildFile; fileRef = 6C27F47521CD67000082F43C /* LaunchScreen.storyboard */; };
		6C27F48221CD67000082F43C /* UnitTesting_TipsTests.swift in Sources */ = {isa = PBXBuildFile; fileRef = 6C27F48121CD67000082F43C /* UnitTesting_TipsTests.swift */; };
		6C27F48D21CD672F0082F43C /* TestingExternalDependenciesWithFackesTestCase.swift in Sources */ = {isa = PBXBuildFile; fileRef = 6C27F48C21CD672F0082F43C /* TestingExternalDependenciesWithFackesTestCase.swift */; };
		6C27F48F21CD6A130082F43C /* ItNeverFailTestCase.swift in Sources */ = {isa = PBXBuildFile; fileRef = 6C27F48E21CD6A130082F43C /* ItNeverFailTestCase.swift */; };
		6C27F49121CD6BBB0082F43C /* TestAsyncTasksTestCase.swift in Sources */ = {isa = PBXBuildFile; fileRef = 6C27F49021CD6BBB0082F43C /* TestAsyncTasksTestCase.swift */; };
		6C27F49321CE36E30082F43C /* TestAreaWithFakeSaverTestCase.swift in Sources */ = {isa = PBXBuildFile; fileRef = 6C27F49221CE36E30082F43C /* TestAreaWithFakeSaverTestCase.swift */; };
		6C27F49621CE37540082F43C /* TestUsersCountWithStubs.swift in Sources */ = {isa = PBXBuildFile; fileRef = 6C27F49521CE37540082F43C /* TestUsersCountWithStubs.swift */; };
		6C27F49821CE376D0082F43C /* TestUserCountsWithSpy.swift in Sources */ = {isa = PBXBuildFile; fileRef = 6C27F49721CE376D0082F43C /* TestUserCountsWithSpy.swift */; };
		6C27F49A21CE37870082F43C /* TestUserCountByMocking.swift in Sources */ = {isa = PBXBuildFile; fileRef = 6C27F49921CE37870082F43C /* TestUserCountByMocking.swift */; };
		6C27F49C21CE37B30082F43C /* Models.swift in Sources */ = {isa = PBXBuildFile; fileRef = 6C27F49B21CE37B30082F43C /* Models.swift */; };
		6C27F49E21CE3A720082F43C /* TestAreaWithDummyPrinter.swift in Sources */ = {isa = PBXBuildFile; fileRef = 6C27F49D21CE3A720082F43C /* TestAreaWithDummyPrinter.swift */; };
		6C27F4A021CE3ACF0082F43C /* Square.swift in Sources */ = {isa = PBXBuildFile; fileRef = 6C27F49F21CE3ACF0082F43C /* Square.swift */; };
		6C27F4A221CE42810082F43C /* ItFails_SharedState.swift in Sources */ = {isa = PBXBuildFile; fileRef = 6C27F4A121CE42810082F43C /* ItFails_SharedState.swift */; };
		6C27F4A421CE436C0082F43C /* TestCasesArragneMatters.swift in Sources */ = {isa = PBXBuildFile; fileRef = 6C27F4A321CE436C0082F43C /* TestCasesArragneMatters.swift */; };
		6C27F4A621CE44E70082F43C /* TestingOptionals.swift in Sources */ = {isa = PBXBuildFile; fileRef = 6C27F4A521CE44E70082F43C /* TestingOptionals.swift */; };
		6C27F4A821CE48130082F43C /* CatchWeakRef.swift in Sources */ = {isa = PBXBuildFile; fileRef = 6C27F4A721CE48130082F43C /* CatchWeakRef.swift */; };
/* End PBXBuildFile section */

/* Begin PBXContainerItemProxy section */
		6C27F47E21CD67000082F43C /* PBXContainerItemProxy */ = {
			isa = PBXContainerItemProxy;
			containerPortal = 6C27F46121CD66FE0082F43C /* Project object */;
			proxyType = 1;
			remoteGlobalIDString = 6C27F46821CD66FE0082F43C;
			remoteInfo = UnitTesting_Tips;
		};
/* End PBXContainerItemProxy section */

/* Begin PBXFileReference section */
		6C27F46921CD66FE0082F43C /* UnitTesting_Tips.app */ = {isa = PBXFileReference; explicitFileType = wrapper.application; includeInIndex = 0; path = UnitTesting_Tips.app; sourceTree = BUILT_PRODUCTS_DIR; };
		6C27F46C21CD66FE0082F43C /* AppDelegate.swift */ = {isa = PBXFileReference; lastKnownFileType = sourcecode.swift; path = AppDelegate.swift; sourceTree = "<group>"; };
		6C27F46E21CD66FE0082F43C /* ViewController.swift */ = {isa = PBXFileReference; lastKnownFileType = sourcecode.swift; path = ViewController.swift; sourceTree = "<group>"; };
		6C27F47121CD66FE0082F43C /* Base */ = {isa = PBXFileReference; lastKnownFileType = file.storyboard; name = Base; path = Base.lproj/Main.storyboard; sourceTree = "<group>"; };
		6C27F47321CD67000082F43C /* Assets.xcassets */ = {isa = PBXFileReference; lastKnownFileType = folder.assetcatalog; path = Assets.xcassets; sourceTree = "<group>"; };
		6C27F47621CD67000082F43C /* Base */ = {isa = PBXFileReference; lastKnownFileType = file.storyboard; name = Base; path = Base.lproj/LaunchScreen.storyboard; sourceTree = "<group>"; };
		6C27F47821CD67000082F43C /* Info.plist */ = {isa = PBXFileReference; lastKnownFileType = text.plist.xml; path = Info.plist; sourceTree = "<group>"; };
		6C27F47D21CD67000082F43C /* UnitTesting_TipsTests.xctest */ = {isa = PBXFileReference; explicitFileType = wrapper.cfbundle; includeInIndex = 0; path = UnitTesting_TipsTests.xctest; sourceTree = BUILT_PRODUCTS_DIR; };
		6C27F48121CD67000082F43C /* UnitTesting_TipsTests.swift */ = {isa = PBXFileReference; lastKnownFileType = sourcecode.swift; path = UnitTesting_TipsTests.swift; sourceTree = "<group>"; };
		6C27F48321CD67000082F43C /* Info.plist */ = {isa = PBXFileReference; lastKnownFileType = text.plist.xml; path = Info.plist; sourceTree = "<group>"; };
		6C27F48C21CD672F0082F43C /* TestingExternalDependenciesWithFackesTestCase.swift */ = {isa = PBXFileReference; lastKnownFileType = sourcecode.swift; path = TestingExternalDependenciesWithFackesTestCase.swift; sourceTree = "<group>"; };
		6C27F48E21CD6A130082F43C /* ItNeverFailTestCase.swift */ = {isa = PBXFileReference; lastKnownFileType = sourcecode.swift; path = ItNeverFailTestCase.swift; sourceTree = "<group>"; };
		6C27F49021CD6BBB0082F43C /* TestAsyncTasksTestCase.swift */ = {isa = PBXFileReference; lastKnownFileType = sourcecode.swift; path = TestAsyncTasksTestCase.swift; sourceTree = "<group>"; };
		6C27F49221CE36E30082F43C /* TestAreaWithFakeSaverTestCase.swift */ = {isa = PBXFileReference; lastKnownFileType = sourcecode.swift; path = TestAreaWithFakeSaverTestCase.swift; sourceTree = "<group>"; };
		6C27F49521CE37540082F43C /* TestUsersCountWithStubs.swift */ = {isa = PBXFileReference; lastKnownFileType = sourcecode.swift; path = TestUsersCountWithStubs.swift; sourceTree = "<group>"; };
		6C27F49721CE376D0082F43C /* TestUserCountsWithSpy.swift */ = {isa = PBXFileReference; lastKnownFileType = sourcecode.swift; path = TestUserCountsWithSpy.swift; sourceTree = "<group>"; };
		6C27F49921CE37870082F43C /* TestUserCountByMocking.swift */ = {isa = PBXFileReference; lastKnownFileType = sourcecode.swift; path = TestUserCountByMocking.swift; sourceTree = "<group>"; };
		6C27F49B21CE37B30082F43C /* Models.swift */ = {isa = PBXFileReference; lastKnownFileType = sourcecode.swift; path = Models.swift; sourceTree = "<group>"; };
		6C27F49D21CE3A720082F43C /* TestAreaWithDummyPrinter.swift */ = {isa = PBXFileReference; lastKnownFileType = sourcecode.swift; path = TestAreaWithDummyPrinter.swift; sourceTree = "<group>"; };
		6C27F49F21CE3ACF0082F43C /* Square.swift */ = {isa = PBXFileReference; lastKnownFileType = sourcecode.swift; path = Square.swift; sourceTree = "<group>"; };
		6C27F4A121CE42810082F43C /* ItFails_SharedState.swift */ = {isa = PBXFileReference; lastKnownFileType = sourcecode.swift; path = ItFails_SharedState.swift; sourceTree = "<group>"; };
		6C27F4A321CE436C0082F43C /* TestCasesArragneMatters.swift */ = {isa = PBXFileReference; lastKnownFileType = sourcecode.swift; path = TestCasesArragneMatters.swift; sourceTree = "<group>"; };
		6C27F4A521CE44E70082F43C /* TestingOptionals.swift */ = {isa = PBXFileReference; lastKnownFileType = sourcecode.swift; path = TestingOptionals.swift; sourceTree = "<group>"; };
		6C27F4A721CE48130082F43C /* CatchWeakRef.swift */ = {isa = PBXFileReference; lastKnownFileType = sourcecode.swift; path = CatchWeakRef.swift; sourceTree = "<group>"; };
/* End PBXFileReference section */

/* Begin PBXFrameworksBuildPhase section */
		6C27F46621CD66FE0082F43C /* Frameworks */ = {
			isa = PBXFrameworksBuildPhase;
			buildActionMask = 2147483647;
			files = (
			);
			runOnlyForDeploymentPostprocessing = 0;
		};
		6C27F47A21CD67000082F43C /* Frameworks */ = {
			isa = PBXFrameworksBuildPhase;
			buildActionMask = 2147483647;
			files = (
			);
			runOnlyForDeploymentPostprocessing = 0;
		};
/* End PBXFrameworksBuildPhase section */

/* Begin PBXGroup section */
		6C27F46021CD66FE0082F43C = {
			isa = PBXGroup;
			children = (
				6C27F46B21CD66FE0082F43C /* UnitTesting_Tips */,
				6C27F48021CD67000082F43C /* UnitTesting_TipsTests */,
				6C27F46A21CD66FE0082F43C /* Products */,
			);
			sourceTree = "<group>";
		};
		6C27F46A21CD66FE0082F43C /* Products */ = {
			isa = PBXGroup;
			children = (
				6C27F46921CD66FE0082F43C /* UnitTesting_Tips.app */,
				6C27F47D21CD67000082F43C /* UnitTesting_TipsTests.xctest */,
			);
			name = Products;
			sourceTree = "<group>";
		};
		6C27F46B21CD66FE0082F43C /* UnitTesting_Tips */ = {
			isa = PBXGroup;
			children = (
				6C27F46C21CD66FE0082F43C /* AppDelegate.swift */,
				6C27F46E21CD66FE0082F43C /* ViewController.swift */,
				6C27F47021CD66FE0082F43C /* Main.storyboard */,
				6C27F47321CD67000082F43C /* Assets.xcassets */,
				6C27F47521CD67000082F43C /* LaunchScreen.storyboard */,
				6C27F47821CD67000082F43C /* Info.plist */,
				6C27F49B21CE37B30082F43C /* Models.swift */,
				6C27F49F21CE3ACF0082F43C /* Square.swift */,
			);
			path = UnitTesting_Tips;
			sourceTree = "<group>";
		};
		6C27F48021CD67000082F43C /* UnitTesting_TipsTests */ = {
			isa = PBXGroup;
			children = (
				6C27F49421CE37230082F43C /* test doubles */,
				6C27F48121CD67000082F43C /* UnitTesting_TipsTests.swift */,
				6C27F48321CD67000082F43C /* Info.plist */,
				6C27F48C21CD672F0082F43C /* TestingExternalDependenciesWithFackesTestCase.swift */,
				6C27F48E21CD6A130082F43C /* ItNeverFailTestCase.swift */,
				6C27F49021CD6BBB0082F43C /* TestAsyncTasksTestCase.swift */,
				6C27F4A121CE42810082F43C /* ItFails_SharedState.swift */,
				6C27F4A521CE44E70082F43C /* TestingOptionals.swift */,
				6C27F4A721CE48130082F43C /* CatchWeakRef.swift */,
				6C27F4A321CE436C0082F43C /* TestCasesArragneMatters.swift */,
			);
			path = UnitTesting_TipsTests;
			sourceTree = "<group>";
		};
		6C27F49421CE37230082F43C /* test doubles */ = {
			isa = PBXGroup;
			children = (
				6C27F49D21CE3A720082F43C /* TestAreaWithDummyPrinter.swift */,
				6C27F49221CE36E30082F43C /* TestAreaWithFakeSaverTestCase.swift */,
				6C27F49521CE37540082F43C /* TestUsersCountWithStubs.swift */,
				6C27F49721CE376D0082F43C /* TestUserCountsWithSpy.swift */,
				6C27F49921CE37870082F43C /* TestUserCountByMocking.swift */,
			);
			path = "test doubles";
			sourceTree = "<group>";
		};
/* End PBXGroup section */

/* Begin PBXNativeTarget section */
		6C27F46821CD66FE0082F43C /* UnitTesting_Tips */ = {
			isa = PBXNativeTarget;
			buildConfigurationList = 6C27F48621CD67000082F43C /* Build configuration list for PBXNativeTarget "UnitTesting_Tips" */;
			buildPhases = (
				6C27F46521CD66FE0082F43C /* Sources */,
				6C27F46621CD66FE0082F43C /* Frameworks */,
				6C27F46721CD66FE0082F43C /* Resources */,
			);
			buildRules = (
			);
			dependencies = (
			);
			name = UnitTesting_Tips;
			productName = UnitTesting_Tips;
			productReference = 6C27F46921CD66FE0082F43C /* UnitTesting_Tips.app */;
			productType = "com.apple.product-type.application";
		};
		6C27F47C21CD67000082F43C /* UnitTesting_TipsTests */ = {
			isa = PBXNativeTarget;
			buildConfigurationList = 6C27F48921CD67000082F43C /* Build configuration list for PBXNativeTarget "UnitTesting_TipsTests" */;
			buildPhases = (
				6C27F47921CD67000082F43C /* Sources */,
				6C27F47A21CD67000082F43C /* Frameworks */,
				6C27F47B21CD67000082F43C /* Resources */,
			);
			buildRules = (
			);
			dependencies = (
				6C27F47F21CD67000082F43C /* PBXTargetDependency */,
			);
			name = UnitTesting_TipsTests;
			productName = UnitTesting_TipsTests;
			productReference = 6C27F47D21CD67000082F43C /* UnitTesting_TipsTests.xctest */;
			productType = "com.apple.product-type.bundle.unit-test";
		};
/* End PBXNativeTarget section */

/* Begin PBXProject section */
		6C27F46121CD66FE0082F43C /* Project object */ = {
			isa = PBXProject;
			attributes = {
				LastSwiftUpdateCheck = 1010;
				LastUpgradeCheck = 1010;
				ORGANIZATIONNAME = abuzeid;
				TargetAttributes = {
					6C27F46821CD66FE0082F43C = {
						CreatedOnToolsVersion = 10.1;
					};
					6C27F47C21CD67000082F43C = {
						CreatedOnToolsVersion = 10.1;
						TestTargetID = 6C27F46821CD66FE0082F43C;
					};
				};
			};
			buildConfigurationList = 6C27F46421CD66FE0082F43C /* Build configuration list for PBXProject "UnitTesting_Tips" */;
			compatibilityVersion = "Xcode 9.3";
			developmentRegion = en;
			hasScannedForEncodings = 0;
			knownRegions = (
				en,
				Base,
			);
			mainGroup = 6C27F46021CD66FE0082F43C;
			productRefGroup = 6C27F46A21CD66FE0082F43C /* Products */;
			projectDirPath = "";
			projectRoot = "";
			targets = (
				6C27F46821CD66FE0082F43C /* UnitTesting_Tips */,
				6C27F47C21CD67000082F43C /* UnitTesting_TipsTests */,
			);
		};
/* End PBXProject section */

/* Begin PBXResourcesBuildPhase section */
		6C27F46721CD66FE0082F43C /* Resources */ = {
			isa = PBXResourcesBuildPhase;
			buildActionMask = 2147483647;
			files = (
				6C27F47721CD67000082F43C /* LaunchScreen.storyboard in Resources */,
				6C27F47421CD67000082F43C /* Assets.xcassets in Resources */,
				6C27F47221CD66FE0082F43C /* Main.storyboard in Resources */,
			);
			runOnlyForDeploymentPostprocessing = 0;
		};
		6C27F47B21CD67000082F43C /* Resources */ = {
			isa = PBXResourcesBuildPhase;
			buildActionMask = 2147483647;
			files = (
			);
			runOnlyForDeploymentPostprocessing = 0;
		};
/* End PBXResourcesBuildPhase section */

/* Begin PBXSourcesBuildPhase section */
		6C27F46521CD66FE0082F43C /* Sources */ = {
			isa = PBXSourcesBuildPhase;
			buildActionMask = 2147483647;
			files = (
				6C27F4A021CE3ACF0082F43C /* Square.swift in Sources */,
				6C27F49C21CE37B30082F43C /* Models.swift in Sources */,
				6C27F46F21CD66FE0082F43C /* ViewController.swift in Sources */,
				6C27F46D21CD66FE0082F43C /* AppDelegate.swift in Sources */,
			);
			runOnlyForDeploymentPostprocessing = 0;
		};
		6C27F47921CD67000082F43C /* Sources */ = {
			isa = PBXSourcesBuildPhase;
			buildActionMask = 2147483647;
			files = (
				6C27F4A821CE48130082F43C /* CatchWeakRef.swift in Sources */,
				6C27F48221CD67000082F43C /* UnitTesting_TipsTests.swift in Sources */,
				6C27F48F21CD6A130082F43C /* ItNeverFailTestCase.swift in Sources */,
				6C27F49A21CE37870082F43C /* TestUserCountByMocking.swift in Sources */,
				6C27F49E21CE3A720082F43C /* TestAreaWithDummyPrinter.swift in Sources */,
				6C27F4A621CE44E70082F43C /* TestingOptionals.swift in Sources */,
				6C27F49621CE37540082F43C /* TestUsersCountWithStubs.swift in Sources */,
				6C27F4A421CE436C0082F43C /* TestCasesArragneMatters.swift in Sources */,
				6C27F4A221CE42810082F43C /* ItFails_SharedState.swift in Sources */,
				6C27F48D21CD672F0082F43C /* TestingExternalDependenciesWithFackesTestCase.swift in Sources */,
				6C27F49321CE36E30082F43C /* TestAreaWithFakeSaverTestCase.swift in Sources */,
				6C27F49121CD6BBB0082F43C /* TestAsyncTasksTestCase.swift in Sources */,
				6C27F49821CE376D0082F43C /* TestUserCountsWithSpy.swift in Sources */,
			);
			runOnlyForDeploymentPostprocessing = 0;
		};
/* End PBXSourcesBuildPhase section */

/* Begin PBXTargetDependency section */
		6C27F47F21CD67000082F43C /* PBXTargetDependency */ = {
			isa = PBXTargetDependency;
			target = 6C27F46821CD66FE0082F43C /* UnitTesting_Tips */;
			targetProxy = 6C27F47E21CD67000082F43C /* PBXContainerItemProxy */;
		};
/* End PBXTargetDependency section */

/* Begin PBXVariantGroup section */
		6C27F47021CD66FE0082F43C /* Main.storyboard */ = {
			isa = PBXVariantGroup;
			children = (
				6C27F47121CD66FE0082F43C /* Base */,
			);
			name = Main.storyboard;
			sourceTree = "<group>";
		};
		6C27F47521CD67000082F43C /* LaunchScreen.storyboard */ = {
			isa = PBXVariantGroup;
			children = (
				6C27F47621CD67000082F43C /* Base */,
			);
			name = LaunchScreen.storyboard;
			sourceTree = "<group>";
		};
/* End PBXVariantGroup section */

/* Begin XCBuildConfiguration section */
		6C27F48421CD67000082F43C /* Debug */ = {
			isa = XCBuildConfiguration;
			buildSettings = {
				ALWAYS_SEARCH_USER_PATHS = NO;
				CLANG_ANALYZER_NONNULL = YES;
				CLANG_ANALYZER_NUMBER_OBJECT_CONVERSION = YES_AGGRESSIVE;
				CLANG_CXX_LANGUAGE_STANDARD = "gnu++14";
				CLANG_CXX_LIBRARY = "libc++";
				CLANG_ENABLE_MODULES = YES;
				CLANG_ENABLE_OBJC_ARC = YES;
				CLANG_ENABLE_OBJC_WEAK = YES;
				CLANG_WARN_BLOCK_CAPTURE_AUTORELEASING = YES;
				CLANG_WARN_BOOL_CONVERSION = YES;
				CLANG_WARN_COMMA = YES;
				CLANG_WARN_CONSTANT_CONVERSION = YES;
				CLANG_WARN_DEPRECATED_OBJC_IMPLEMENTATIONS = YES;
				CLANG_WARN_DIRECT_OBJC_ISA_USAGE = YES_ERROR;
				CLANG_WARN_DOCUMENTATION_COMMENTS = YES;
				CLANG_WARN_EMPTY_BODY = YES;
				CLANG_WARN_ENUM_CONVERSION = YES;
				CLANG_WARN_INFINITE_RECURSION = YES;
				CLANG_WARN_INT_CONVERSION = YES;
				CLANG_WARN_NON_LITERAL_NULL_CONVERSION = YES;
				CLANG_WARN_OBJC_IMPLICIT_RETAIN_SELF = YES;
				CLANG_WARN_OBJC_LITERAL_CONVERSION = YES;
				CLANG_WARN_OBJC_ROOT_CLASS = YES_ERROR;
				CLANG_WARN_RANGE_LOOP_ANALYSIS = YES;
				CLANG_WARN_STRICT_PROTOTYPES = YES;
				CLANG_WARN_SUSPICIOUS_MOVE = YES;
				CLANG_WARN_UNGUARDED_AVAILABILITY = YES_AGGRESSIVE;
				CLANG_WARN_UNREACHABLE_CODE = YES;
				CLANG_WARN__DUPLICATE_METHOD_MATCH = YES;
				CODE_SIGN_IDENTITY = "iPhone Developer";
				COPY_PHASE_STRIP = NO;
				DEBUG_INFORMATION_FORMAT = dwarf;
				ENABLE_STRICT_OBJC_MSGSEND = YES;
				ENABLE_TESTABILITY = YES;
				GCC_C_LANGUAGE_STANDARD = gnu11;
				GCC_DYNAMIC_NO_PIC = NO;
				GCC_NO_COMMON_BLOCKS = YES;
				GCC_OPTIMIZATION_LEVEL = 0;
				GCC_PREPROCESSOR_DEFINITIONS = (
					"DEBUG=1",
					"$(inherited)",
				);
				GCC_WARN_64_TO_32_BIT_CONVERSION = YES;
				GCC_WARN_ABOUT_RETURN_TYPE = YES_ERROR;
				GCC_WARN_UNDECLARED_SELECTOR = YES;
				GCC_WARN_UNINITIALIZED_AUTOS = YES_AGGRESSIVE;
				GCC_WARN_UNUSED_FUNCTION = YES;
				GCC_WARN_UNUSED_VARIABLE = YES;
				IPHONEOS_DEPLOYMENT_TARGET = 12.1;
				MTL_ENABLE_DEBUG_INFO = INCLUDE_SOURCE;
				MTL_FAST_MATH = YES;
				ONLY_ACTIVE_ARCH = YES;
				SDKROOT = iphoneos;
				SWIFT_ACTIVE_COMPILATION_CONDITIONS = DEBUG;
				SWIFT_OPTIMIZATION_LEVEL = "-Onone";
			};
			name = Debug;
		};
		6C27F48521CD67000082F43C /* Release */ = {
			isa = XCBuildConfiguration;
			buildSettings = {
				ALWAYS_SEARCH_USER_PATHS = NO;
				CLANG_ANALYZER_NONNULL = YES;
				CLANG_ANALYZER_NUMBER_OBJECT_CONVERSION = YES_AGGRESSIVE;
				CLANG_CXX_LANGUAGE_STANDARD = "gnu++14";
				CLANG_CXX_LIBRARY = "libc++";
				CLANG_ENABLE_MODULES = YES;
				CLANG_ENABLE_OBJC_ARC = YES;
				CLANG_ENABLE_OBJC_WEAK = YES;
				CLANG_WARN_BLOCK_CAPTURE_AUTORELEASING = YES;
				CLANG_WARN_BOOL_CONVERSION = YES;
				CLANG_WARN_COMMA = YES;
				CLANG_WARN_CONSTANT_CONVERSION = YES;
				CLANG_WARN_DEPRECATED_OBJC_IMPLEMENTATIONS = YES;
				CLANG_WARN_DIRECT_OBJC_ISA_USAGE = YES_ERROR;
				CLANG_WARN_DOCUMENTATION_COMMENTS = YES;
				CLANG_WARN_EMPTY_BODY = YES;
				CLANG_WARN_ENUM_CONVERSION = YES;
				CLANG_WARN_INFINITE_RECURSION = YES;
				CLANG_WARN_INT_CONVERSION = YES;
				CLANG_WARN_NON_LITERAL_NULL_CONVERSION = YES;
				CLANG_WARN_OBJC_IMPLICIT_RETAIN_SELF = YES;
				CLANG_WARN_OBJC_LITERAL_CONVERSION = YES;
				CLANG_WARN_OBJC_ROOT_CLASS = YES_ERROR;
				CLANG_WARN_RANGE_LOOP_ANALYSIS = YES;
				CLANG_WARN_STRICT_PROTOTYPES = YES;
				CLANG_WARN_SUSPICIOUS_MOVE = YES;
				CLANG_WARN_UNGUARDED_AVAILABILITY = YES_AGGRESSIVE;
				CLANG_WARN_UNREACHABLE_CODE = YES;
				CLANG_WARN__DUPLICATE_METHOD_MATCH = YES;
				CODE_SIGN_IDENTITY = "iPhone Developer";
				COPY_PHASE_STRIP = NO;
				DEBUG_INFORMATION_FORMAT = "dwarf-with-dsym";
				ENABLE_NS_ASSERTIONS = NO;
				ENABLE_STRICT_OBJC_MSGSEND = YES;
				GCC_C_LANGUAGE_STANDARD = gnu11;
				GCC_NO_COMMON_BLOCKS = YES;
				GCC_WARN_64_TO_32_BIT_CONVERSION = YES;
				GCC_WARN_ABOUT_RETURN_TYPE = YES_ERROR;
				GCC_WARN_UNDECLARED_SELECTOR = YES;
				GCC_WARN_UNINITIALIZED_AUTOS = YES_AGGRESSIVE;
				GCC_WARN_UNUSED_FUNCTION = YES;
				GCC_WARN_UNUSED_VARIABLE = YES;
				IPHONEOS_DEPLOYMENT_TARGET = 12.1;
				MTL_ENABLE_DEBUG_INFO = NO;
				MTL_FAST_MATH = YES;
				SDKROOT = iphoneos;
				SWIFT_COMPILATION_MODE = wholemodule;
				SWIFT_OPTIMIZATION_LEVEL = "-O";
				VALIDATE_PRODUCT = YES;
			};
			name = Release;
		};
		6C27F48721CD67000082F43C /* Debug */ = {
			isa = XCBuildConfiguration;
			buildSettings = {
				ASSETCATALOG_COMPILER_APPICON_NAME = AppIcon;
				CODE_SIGN_STYLE = Automatic;
				INFOPLIST_FILE = UnitTesting_Tips/Info.plist;
				LD_RUNPATH_SEARCH_PATHS = (
					"$(inherited)",
					"@executable_path/Frameworks",
				);
				PRODUCT_BUNDLE_IDENTIFIER = "abuzeid.UnitTesting-Tips";
				PRODUCT_NAME = "$(TARGET_NAME)";
				SWIFT_VERSION = 4.2;
				TARGETED_DEVICE_FAMILY = "1,2";
			};
			name = Debug;
		};
		6C27F48821CD67000082F43C /* Release */ = {
			isa = XCBuildConfiguration;
			buildSettings = {
				ASSETCATALOG_COMPILER_APPICON_NAME = AppIcon;
				CODE_SIGN_STYLE = Automatic;
				INFOPLIST_FILE = UnitTesting_Tips/Info.plist;
				LD_RUNPATH_SEARCH_PATHS = (
					"$(inherited)",
					"@executable_path/Frameworks",
				);
				PRODUCT_BUNDLE_IDENTIFIER = "abuzeid.UnitTesting-Tips";
				PRODUCT_NAME = "$(TARGET_NAME)";
				SWIFT_VERSION = 4.2;
				TARGETED_DEVICE_FAMILY = "1,2";
			};
			name = Release;
		};
		6C27F48A21CD67000082F43C /* Debug */ = {
			isa = XCBuildConfiguration;
			buildSettings = {
				ALWAYS_EMBED_SWIFT_STANDARD_LIBRARIES = YES;
				BUNDLE_LOADER = "$(TEST_HOST)";
				CODE_SIGN_STYLE = Automatic;
				INFOPLIST_FILE = UnitTesting_TipsTests/Info.plist;
				LD_RUNPATH_SEARCH_PATHS = (
					"$(inherited)",
					"@executable_path/Frameworks",
					"@loader_path/Frameworks",
				);
				PRODUCT_BUNDLE_IDENTIFIER = "abuzeid.UnitTesting-TipsTests";
				PRODUCT_NAME = "$(TARGET_NAME)";
				SWIFT_VERSION = 4.2;
				TARGETED_DEVICE_FAMILY = "1,2";
				TEST_HOST = "$(BUILT_PRODUCTS_DIR)/UnitTesting_Tips.app/UnitTesting_Tips";
			};
			name = Debug;
		};
		6C27F48B21CD67000082F43C /* Release */ = {
			isa = XCBuildConfiguration;
			buildSettings = {
				ALWAYS_EMBED_SWIFT_STANDARD_LIBRARIES = YES;
				BUNDLE_LOADER = "$(TEST_HOST)";
				CODE_SIGN_STYLE = Automatic;
				INFOPLIST_FILE = UnitTesting_TipsTests/Info.plist;
				LD_RUNPATH_SEARCH_PATHS = (
					"$(inherited)",
					"@executable_path/Frameworks",
					"@loader_path/Frameworks",
				);
				PRODUCT_BUNDLE_IDENTIFIER = "abuzeid.UnitTesting-TipsTests";
				PRODUCT_NAME = "$(TARGET_NAME)";
				SWIFT_VERSION = 4.2;
				TARGETED_DEVICE_FAMILY = "1,2";
				TEST_HOST = "$(BUILT_PRODUCTS_DIR)/UnitTesting_Tips.app/UnitTesting_Tips";
			};
			name = Release;
		};
/* End XCBuildConfiguration section */

/* Begin XCConfigurationList section */
		6C27F46421CD66FE0082F43C /* Build configuration list for PBXProject "UnitTesting_Tips" */ = {
			isa = XCConfigurationList;
			buildConfigurations = (
				6C27F48421CD67000082F43C /* Debug */,
				6C27F48521CD67000082F43C /* Release */,
			);
			defaultConfigurationIsVisible = 0;
			defaultConfigurationName = Release;
		};
		6C27F48621CD67000082F43C /* Build configuration list for PBXNativeTarget "UnitTesting_Tips" */ = {
			isa = XCConfigurationList;
			buildConfigurations = (
				6C27F48721CD67000082F43C /* Debug */,
				6C27F48821CD67000082F43C /* Release */,
			);
			defaultConfigurationIsVisible = 0;
			defaultConfigurationName = Release;
		};
		6C27F48921CD67000082F43C /* Build configuration list for PBXNativeTarget "UnitTesting_TipsTests" */ = {
			isa = XCConfigurationList;
			buildConfigurations = (
				6C27F48A21CD67000082F43C /* Debug */,
				6C27F48B21CD67000082F43C /* Release */,
			);
			defaultConfigurationIsVisible = 0;
			defaultConfigurationName = Release;
		};
/* End XCConfigurationList section */
	};
	rootObject = 6C27F46121CD66FE0082F43C /* Project object */;
}
